<?xml version="1.0" encoding="utf-8"?>
<Project ToolsVersion="4.0" xmlns="http://schemas.microsoft.com/developer/msbuild/2003">
  <ItemGroup>
    <Filter Include="Source Files">
      <UniqueIdentifier>{4FC737F1-C7A5-4376-A066-2A32D752A2FF}</UniqueIdentifier>
      <Extensions>cpp;c;cc;cxx;c++;cppm;ixx;def;odl;idl;hpj;bat;asm;asmx</Extensions>
    </Filter>
    <Filter Include="Header Files">
      <UniqueIdentifier>{93995380-89BD-4b04-88EB-625FBE52EBFB}</UniqueIdentifier>
      <Extensions>h;hh;hpp;hxx;h++;hm;inl;inc;ipp;xsd</Extensions>
    </Filter>
    <Filter Include="Resource Files">
      <UniqueIdentifier>{67DA6AB6-F800-4c08-8B7A-83BB121AAD01}</UniqueIdentifier>
      <Extensions>rc;ico;cur;bmp;dlg;rc2;rct;bin;rgs;gif;jpg;jpeg;jpe;resx;tiff;tif;png;wav;mfcribbon-ms</Extensions>
    </Filter>
    <Filter Include="Source Files\window">
      <UniqueIdentifier>{12a8d148-4647-4794-bf78-5e71db518ca4}</UniqueIdentifier>
    </Filter>
    <Filter Include="Header Files\lib">
      <UniqueIdentifier>{f1573615-ba0f-4413-9cd7-47111b8f9cb4}</UniqueIdentifier>
    </Filter>
    <Filter Include="Header Files\lib\ImGui">
      <UniqueIdentifier>{8bcc5b77-1508-48bd-8b96-61eb3462d181}</UniqueIdentifier>
    </Filter>
    <Filter Include="Source Files\resources">
      <UniqueIdentifier>{bfaac105-bd8b-47a6-9317-170c0736b552}</UniqueIdentifier>
    </Filter>
    <Filter Include="Source Files\Drawing">
      <UniqueIdentifier>{a4276ac7-0483-4c21-8ad1-3875dbb20d60}</UniqueIdentifier>
    </Filter>
    <Filter Include="Source Files\Application">
      <UniqueIdentifier>{cebb9741-d0a7-4492-aaf5-c698bfcf8f59}</UniqueIdentifier>
    </Filter>
    <Filter Include="Source Files\time">
      <UniqueIdentifier>{e391bb6b-d1e4-42cb-9a8e-7e6d87379559}</UniqueIdentifier>
    </Filter>
    <Filter Include="Source Files\math">
      <UniqueIdentifier>{1b952505-0ced-4d6f-b284-2b21feda3dc4}</UniqueIdentifier>
    </Filter>
  </ItemGroup>
  <ItemGroup>
    <ClInclude Include="framework.h">
      <Filter>Header Files</Filter>
    </ClInclude>
    <ClInclude Include="targetver.h">
      <Filter>Header Files</Filter>
    </ClInclude>
    <ClInclude Include="Resource.h">
      <Filter>Header Files</Filter>
    </ClInclude>
    <ClInclude Include="sokkelo.h">
      <Filter>Header Files</Filter>
    </ClInclude>
    <ClInclude Include="basewindow.hpp">
      <Filter>Source Files\window</Filter>
    </ClInclude>
    <ClInclude Include="ImGui\imgui_stdlib.h">
      <Filter>Header Files\lib\ImGui</Filter>
    </ClInclude>
    <ClInclude Include="ImGui\imstb_rectpack.h">
      <Filter>Header Files\lib\ImGui</Filter>
    </ClInclude>
    <ClInclude Include="ImGui\imstb_textedit.h">
      <Filter>Header Files\lib\ImGui</Filter>
    </ClInclude>
    <ClInclude Include="ImGui\imstb_truetype.h">
      <Filter>Header Files\lib\ImGui</Filter>
    </ClInclude>
    <ClInclude Include="ImGui\imconfig.h">
      <Filter>Header Files\lib\ImGui</Filter>
    </ClInclude>
    <ClInclude Include="ImGui\imgui.h">
      <Filter>Header Files\lib\ImGui</Filter>
    </ClInclude>
    <ClInclude Include="ImGui\imgui_impl_dx11.h">
      <Filter>Header Files\lib\ImGui</Filter>
    </ClInclude>
    <ClInclude Include="ImGui\imgui_impl_win32.h">
      <Filter>Header Files\lib\ImGui</Filter>
    </ClInclude>
    <ClInclude Include="ImGui\imgui_internal.h">
      <Filter>Header Files\lib\ImGui</Filter>
    </ClInclude>
    <ClInclude Include="appwindows.hpp">
      <Filter>Source Files\window</Filter>
    </ClInclude>
    <ClInclude Include="filetools.hpp">
      <Filter>Source Files\resources</Filter>
    </ClInclude>
    <ClInclude Include="winfont.hpp">
      <Filter>Source Files\resources</Filter>
    </ClInclude>
    <ClInclude Include="imageresources.hpp">
      <Filter>Source Files\resources</Filter>
    </ClInclude>
    <ClInclude Include="d_common_shapes.hpp">
      <Filter>Source Files\Drawing</Filter>
    </ClInclude>
    <ClInclude Include="app_ui.hpp">
      <Filter>Source Files\Application</Filter>
    </ClInclude>
    <ClInclude Include="timing.hpp">
      <Filter>Source Files\time</Filter>
    </ClInclude>
    <ClInclude Include="maze_gen.hpp">
      <Filter>Source Files\Application</Filter>
    </ClInclude>
    <ClInclude Include="qmath.hpp">
      <Filter>Source Files\math</Filter>
    </ClInclude>
    <ClInclude Include="whattheheck.hpp">
      <Filter>Source Files\Application</Filter>
    </ClInclude>
  </ItemGroup>
  <ItemGroup>
    <ClCompile Include="sokkelo.cpp">
      <Filter>Source Files</Filter>
    </ClCompile>
    <ClCompile Include="basewindow.cpp">
      <Filter>Source Files\window</Filter>
    </ClCompile>
    <ClCompile Include="ImGui\imgui_stdlib.cpp">
      <Filter>Header Files\lib\ImGui</Filter>
    </ClCompile>
    <ClCompile Include="ImGui\imgui_tables.cpp">
      <Filter>Header Files\lib\ImGui</Filter>
    </ClCompile>
    <ClCompile Include="ImGui\imgui_widgets.cpp">
      <Filter>Header Files\lib\ImGui</Filter>
    </ClCompile>
    <ClCompile Include="ImGui\imgui.cpp">
      <Filter>Header Files\lib\ImGui</Filter>
    </ClCompile>
    <ClCompile Include="ImGui\imgui_demo.cpp">
      <Filter>Header Files\lib\ImGui</Filter>
    </ClCompile>
    <ClCompile Include="ImGui\imgui_draw.cpp">
      <Filter>Header Files\lib\ImGui</Filter>
    </ClCompile>
    <ClCompile Include="ImGui\imgui_impl_dx11.cpp">
      <Filter>Header Files\lib\ImGui</Filter>
    </ClCompile>
    <ClCompile Include="ImGui\imgui_impl_win32.cpp">
      <Filter>Header Files\lib\ImGui</Filter>
    </ClCompile>
    <ClCompile Include="appwindows.cpp">
      <Filter>Source Files\window</Filter>
    </ClCompile>
    <ClCompile Include="winfont.cpp">
      <Filter>Source Files\resources</Filter>
    </ClCompile>
    <ClCompile Include="filetools.cpp">
      <Filter>Source Files\resources</Filter>
    </ClCompile>
    <ClCompile Include="imageresources.cpp">
      <Filter>Source Files\resources</Filter>
    </ClCompile>
    <ClCompile Include="d_common_shapes.cpp">
      <Filter>Source Files\Drawing</Filter>
    </ClCompile>
    <ClCompile Include="app_ui.cpp">
      <Filter>Source Files\Application</Filter>
    </ClCompile>
    <ClCompile Include="timing.cpp">
      <Filter>Source Files\time</Filter>
    </ClCompile>
    <ClCompile Include="maze_gen.cpp">
      <Filter>Source Files\Application</Filter>
    </ClCompile>
    <ClCompile Include="qmath.cpp">
      <Filter>Source Files\math</Filter>
    </ClCompile>
    <ClCompile Include="whattheheck.cpp">
      <Filter>Source Files\Application</Filter>
    </ClCompile>
  </ItemGroup>
  <ItemGroup>
    <ResourceCompile Include="sokkelo.rc">
      <Filter>Resource Files</Filter>
    </ResourceCompile>
  </ItemGroup>
  <ItemGroup>
    <Image Include="small.ico">
      <Filter>Resource Files</Filter>
    </Image>
    <Image Include="sokkelo.ico">
      <Filter>Resource Files</Filter>
    </Image>
  </ItemGroup>
</Project>